// !$*UTF8*$!
{
	archiveVersion = 1;
	classes = {
	};
	objectVersion = 48;
	objects = {

/* Begin PBXBuildFile section */
		5C2CD2E41FE8663D009FF7FD /* AppDelegate.swift in Sources */ = {isa = PBXBuildFile; fileRef = 5C2CD2E31FE8663D009FF7FD /* AppDelegate.swift */; };
		5C2CD2E61FE8663D009FF7FD /* ViewController.swift in Sources */ = {isa = PBXBuildFile; fileRef = 5C2CD2E51FE8663D009FF7FD /* ViewController.swift */; };
		5C2CD2E91FE8663D009FF7FD /* Main.storyboard in Resources */ = {isa = PBXBuildFile; fileRef = 5C2CD2E71FE8663D009FF7FD /* Main.storyboard */; };
		5C2CD2EB1FE8663D009FF7FD /* Assets.xcassets in Resources */ = {isa = PBXBuildFile; fileRef = 5C2CD2EA1FE8663D009FF7FD /* Assets.xcassets */; };
		5C2CD2EE1FE8663D009FF7FD /* LaunchScreen.storyboard in Resources */ = {isa = PBXBuildFile; fileRef = 5C2CD2EC1FE8663D009FF7FD /* LaunchScreen.storyboard */; };
		5C2CD2F91FE8663E009FF7FD /* IHomeTests.swift in Sources */ = {isa = PBXBuildFile; fileRef = 5C2CD2F81FE8663E009FF7FD /* IHomeTests.swift */; };
		5C2CD3041FE8663E009FF7FD /* IHomeUITests.swift in Sources */ = {isa = PBXBuildFile; fileRef = 5C2CD3031FE8663E009FF7FD /* IHomeUITests.swift */; };
		5C2CD3151FE8678C009FF7FD /* CustomedView.swift in Sources */ = {isa = PBXBuildFile; fileRef = 5C2CD3141FE8678C009FF7FD /* CustomedView.swift */; };
		5C2CD3171FE867C0009FF7FD /* Util.swift in Sources */ = {isa = PBXBuildFile; fileRef = 5C2CD3161FE867C0009FF7FD /* Util.swift */; };
		5C2CD3191FE86E09009FF7FD /* CustomedButton.swift in Sources */ = {isa = PBXBuildFile; fileRef = 5C2CD3181FE86E09009FF7FD /* CustomedButton.swift */; };
		5C2CD31B1FE88019009FF7FD /* LightList.swift in Sources */ = {isa = PBXBuildFile; fileRef = 5C2CD31A1FE88019009FF7FD /* LightList.swift */; };
		5C2CD31D1FE880A3009FF7FD /* ListsManager.swift in Sources */ = {isa = PBXBuildFile; fileRef = 5C2CD31C1FE880A3009FF7FD /* ListsManager.swift */; };
		5C2CD31F1FE8817D009FF7FD /* Alert.swift in Sources */ = {isa = PBXBuildFile; fileRef = 5C2CD31E1FE8817D009FF7FD /* Alert.swift */; };
		5C2CD3211FE88200009FF7FD /* LightDetail.swift in Sources */ = {isa = PBXBuildFile; fileRef = 5C2CD3201FE88200009FF7FD /* LightDetail.swift */; };
		5C2CD3241FE897EB009FF7FD /* CustomedCell.swift in Sources */ = {isa = PBXBuildFile; fileRef = 5C2CD3231FE897EB009FF7FD /* CustomedCell.swift */; };
		5C2CD3261FE8BF40009FF7FD /* TV.swift in Sources */ = {isa = PBXBuildFile; fileRef = 5C2CD3251FE8BF40009FF7FD /* TV.swift */; };
		5C2CD3281FE8BF50009FF7FD /* Door.swift in Sources */ = {isa = PBXBuildFile; fileRef = 5C2CD3271FE8BF50009FF7FD /* Door.swift */; };
		5C2CD32A1FE8BF7B009FF7FD /* Fan.swift in Sources */ = {isa = PBXBuildFile; fileRef = 5C2CD3291FE8BF7B009FF7FD /* Fan.swift */; };
		5C2CD32C1FE8BF92009FF7FD /* AC.swift in Sources */ = {isa = PBXBuildFile; fileRef = 5C2CD32B1FE8BF92009FF7FD /* AC.swift */; };
		5C2CD32E1FE8BFA6009FF7FD /* Frige.swift in Sources */ = {isa = PBXBuildFile; fileRef = 5C2CD32D1FE8BFA6009FF7FD /* Frige.swift */; };
		5C2CD3301FE8C364009FF7FD /* TvCell.swift in Sources */ = {isa = PBXBuildFile; fileRef = 5C2CD32F1FE8C364009FF7FD /* TvCell.swift */; };
		5C2CD3321FE8C379009FF7FD /* FanCell.swift in Sources */ = {isa = PBXBuildFile; fileRef = 5C2CD3311FE8C379009FF7FD /* FanCell.swift */; };
		5C2CD3341FE8C388009FF7FD /* ACCell.swift in Sources */ = {isa = PBXBuildFile; fileRef = 5C2CD3331FE8C388009FF7FD /* ACCell.swift */; };
		5C2CD3361FE8C398009FF7FD /* DoorCell.swift in Sources */ = {isa = PBXBuildFile; fileRef = 5C2CD3351FE8C398009FF7FD /* DoorCell.swift */; };
		5C2CD3381FE8C3AB009FF7FD /* FridgeCell.swift in Sources */ = {isa = PBXBuildFile; fileRef = 5C2CD3371FE8C3AB009FF7FD /* FridgeCell.swift */; };
		BD6A3DC919F705B2EBB3704A /* Pods_IHome.framework in Frameworks */ = {isa = PBXBuildFile; fileRef = E8AAD12E4A874275D6314C1F /* Pods_IHome.framework */; };
/* End PBXBuildFile section */

/* Begin PBXContainerItemProxy section */
		5C2CD2F51FE8663E009FF7FD /* PBXContainerItemProxy */ = {
			isa = PBXContainerItemProxy;
			containerPortal = 5C2CD2D81FE8663D009FF7FD /* Project object */;
			proxyType = 1;
			remoteGlobalIDString = 5C2CD2DF1FE8663D009FF7FD;
			remoteInfo = IHome;
		};
		5C2CD3001FE8663E009FF7FD /* PBXContainerItemProxy */ = {
			isa = PBXContainerItemProxy;
			containerPortal = 5C2CD2D81FE8663D009FF7FD /* Project object */;
			proxyType = 1;
			remoteGlobalIDString = 5C2CD2DF1FE8663D009FF7FD;
			remoteInfo = IHome;
		};
/* End PBXContainerItemProxy section */

/* Begin PBXFileReference section */
		45C77FA8AD4F55D1668E5B82 /* Pods-IHome.release.xcconfig */ = {isa = PBXFileReference; includeInIndex = 1; lastKnownFileType = text.xcconfig; name = "Pods-IHome.release.xcconfig"; path = "Pods/Target Support Files/Pods-IHome/Pods-IHome.release.xcconfig"; sourceTree = "<group>"; };
		5C2CD2E01FE8663D009FF7FD /* IHome.app */ = {isa = PBXFileReference; explicitFileType = wrapper.application; includeInIndex = 0; path = IHome.app; sourceTree = BUILT_PRODUCTS_DIR; };
		5C2CD2E31FE8663D009FF7FD /* AppDelegate.swift */ = {isa = PBXFileReference; lastKnownFileType = sourcecode.swift; path = AppDelegate.swift; sourceTree = "<group>"; };
		5C2CD2E51FE8663D009FF7FD /* ViewController.swift */ = {isa = PBXFileReference; lastKnownFileType = sourcecode.swift; path = ViewController.swift; sourceTree = "<group>"; };
		5C2CD2E81FE8663D009FF7FD /* Base */ = {isa = PBXFileReference; lastKnownFileType = file.storyboard; name = Base; path = Base.lproj/Main.storyboard; sourceTree = "<group>"; };
		5C2CD2EA1FE8663D009FF7FD /* Assets.xcassets */ = {isa = PBXFileReference; lastKnownFileType = folder.assetcatalog; path = Assets.xcassets; sourceTree = "<group>"; };
		5C2CD2ED1FE8663D009FF7FD /* Base */ = {isa = PBXFileReference; lastKnownFileType = file.storyboard; name = Base; path = Base.lproj/LaunchScreen.storyboard; sourceTree = "<group>"; };
		5C2CD2EF1FE8663D009FF7FD /* Info.plist */ = {isa = PBXFileReference; lastKnownFileType = text.plist.xml; path = Info.plist; sourceTree = "<group>"; };
		5C2CD2F41FE8663E009FF7FD /* IHomeTests.xctest */ = {isa = PBXFileReference; explicitFileType = wrapper.cfbundle; includeInIndex = 0; path = IHomeTests.xctest; sourceTree = BUILT_PRODUCTS_DIR; };
		5C2CD2F81FE8663E009FF7FD /* IHomeTests.swift */ = {isa = PBXFileReference; lastKnownFileType = sourcecode.swift; path = IHomeTests.swift; sourceTree = "<group>"; };
		5C2CD2FA1FE8663E009FF7FD /* Info.plist */ = {isa = PBXFileReference; lastKnownFileType = text.plist.xml; path = Info.plist; sourceTree = "<group>"; };
		5C2CD2FF1FE8663E009FF7FD /* IHomeUITests.xctest */ = {isa = PBXFileReference; explicitFileType = wrapper.cfbundle; includeInIndex = 0; path = IHomeUITests.xctest; sourceTree = BUILT_PRODUCTS_DIR; };
		5C2CD3031FE8663E009FF7FD /* IHomeUITests.swift */ = {isa = PBXFileReference; lastKnownFileType = sourcecode.swift; path = IHomeUITests.swift; sourceTree = "<group>"; };
		5C2CD3051FE8663E009FF7FD /* Info.plist */ = {isa = PBXFileReference; lastKnownFileType = text.plist.xml; path = Info.plist; sourceTree = "<group>"; };
		5C2CD3141FE8678C009FF7FD /* CustomedView.swift */ = {isa = PBXFileReference; lastKnownFileType = sourcecode.swift; path = CustomedView.swift; sourceTree = "<group>"; };
		5C2CD3161FE867C0009FF7FD /* Util.swift */ = {isa = PBXFileReference; lastKnownFileType = sourcecode.swift; path = Util.swift; sourceTree = "<group>"; };
		5C2CD3181FE86E09009FF7FD /* CustomedButton.swift */ = {isa = PBXFileReference; lastKnownFileType = sourcecode.swift; path = CustomedButton.swift; sourceTree = "<group>"; };
		5C2CD31A1FE88019009FF7FD /* LightList.swift */ = {isa = PBXFileReference; lastKnownFileType = sourcecode.swift; path = LightList.swift; sourceTree = "<group>"; };
		5C2CD31C1FE880A3009FF7FD /* ListsManager.swift */ = {isa = PBXFileReference; lastKnownFileType = sourcecode.swift; path = ListsManager.swift; sourceTree = "<group>"; };
		5C2CD31E1FE8817D009FF7FD /* Alert.swift */ = {isa = PBXFileReference; lastKnownFileType = sourcecode.swift; path = Alert.swift; sourceTree = "<group>"; };
		5C2CD3201FE88200009FF7FD /* LightDetail.swift */ = {isa = PBXFileReference; lastKnownFileType = sourcecode.swift; path = LightDetail.swift; sourceTree = "<group>"; };
		5C2CD3221FE88724009FF7FD /* IHome.entitlements */ = {isa = PBXFileReference; lastKnownFileType = text.plist.entitlements; path = IHome.entitlements; sourceTree = "<group>"; };
		5C2CD3231FE897EB009FF7FD /* CustomedCell.swift */ = {isa = PBXFileReference; lastKnownFileType = sourcecode.swift; path = CustomedCell.swift; sourceTree = "<group>"; };
		5C2CD3251FE8BF40009FF7FD /* TV.swift */ = {isa = PBXFileReference; lastKnownFileType = sourcecode.swift; path = TV.swift; sourceTree = "<group>"; };
		5C2CD3271FE8BF50009FF7FD /* Door.swift */ = {isa = PBXFileReference; lastKnownFileType = sourcecode.swift; path = Door.swift; sourceTree = "<group>"; };
		5C2CD3291FE8BF7B009FF7FD /* Fan.swift */ = {isa = PBXFileReference; lastKnownFileType = sourcecode.swift; path = Fan.swift; sourceTree = "<group>"; };
		5C2CD32B1FE8BF92009FF7FD /* AC.swift */ = {isa = PBXFileReference; lastKnownFileType = sourcecode.swift; path = AC.swift; sourceTree = "<group>"; };
		5C2CD32D1FE8BFA6009FF7FD /* Frige.swift */ = {isa = PBXFileReference; lastKnownFileType = sourcecode.swift; path = Frige.swift; sourceTree = "<group>"; };
		5C2CD32F1FE8C364009FF7FD /* TvCell.swift */ = {isa = PBXFileReference; lastKnownFileType = sourcecode.swift; path = TvCell.swift; sourceTree = "<group>"; };
		5C2CD3311FE8C379009FF7FD /* FanCell.swift */ = {isa = PBXFileReference; lastKnownFileType = sourcecode.swift; path = FanCell.swift; sourceTree = "<group>"; };
		5C2CD3331FE8C388009FF7FD /* ACCell.swift */ = {isa = PBXFileReference; lastKnownFileType = sourcecode.swift; path = ACCell.swift; sourceTree = "<group>"; };
		5C2CD3351FE8C398009FF7FD /* DoorCell.swift */ = {isa = PBXFileReference; lastKnownFileType = sourcecode.swift; path = DoorCell.swift; sourceTree = "<group>"; };
		5C2CD3371FE8C3AB009FF7FD /* FridgeCell.swift */ = {isa = PBXFileReference; lastKnownFileType = sourcecode.swift; path = FridgeCell.swift; sourceTree = "<group>"; };
		BA5EE63A88D9FD0D671FFBEA /* Pods-IHome.debug.xcconfig */ = {isa = PBXFileReference; includeInIndex = 1; lastKnownFileType = text.xcconfig; name = "Pods-IHome.debug.xcconfig"; path = "Pods/Target Support Files/Pods-IHome/Pods-IHome.debug.xcconfig"; sourceTree = "<group>"; };
		DC345A841FEAED56006E852B /* IHome-Bridging-Header.h */ = {isa = PBXFileReference; fileEncoding = 4; lastKnownFileType = sourcecode.c.h; path = "IHome-Bridging-Header.h"; sourceTree = "<group>"; };
		E8AAD12E4A874275D6314C1F /* Pods_IHome.framework */ = {isa = PBXFileReference; explicitFileType = wrapper.framework; includeInIndex = 0; path = Pods_IHome.framework; sourceTree = BUILT_PRODUCTS_DIR; };
/* End PBXFileReference section */

/* Begin PBXFrameworksBuildPhase section */
		5C2CD2DD1FE8663D009FF7FD /* Frameworks */ = {
			isa = PBXFrameworksBuildPhase;
			buildActionMask = 2147483647;
			files = (
				BD6A3DC919F705B2EBB3704A /* Pods_IHome.framework in Frameworks */,
			);
			runOnlyForDeploymentPostprocessing = 0;
		};
		5C2CD2F11FE8663E009FF7FD /* Frameworks */ = {
			isa = PBXFrameworksBuildPhase;
			buildActionMask = 2147483647;
			files = (
			);
			runOnlyForDeploymentPostprocessing = 0;
		};
		5C2CD2FC1FE8663E009FF7FD /* Frameworks */ = {
			isa = PBXFrameworksBuildPhase;
			buildActionMask = 2147483647;
			files = (
			);
			runOnlyForDeploymentPostprocessing = 0;
		};
/* End PBXFrameworksBuildPhase section */

/* Begin PBXGroup section */
		1855C526BC4A76CD23F766E6 /* Pods */ = {
			isa = PBXGroup;
			children = (
				BA5EE63A88D9FD0D671FFBEA /* Pods-IHome.debug.xcconfig */,
				45C77FA8AD4F55D1668E5B82 /* Pods-IHome.release.xcconfig */,
			);
			name = Pods;
			sourceTree = "<group>";
		};
		5C2CD2D71FE8663D009FF7FD = {
			isa = PBXGroup;
			children = (
				5C2CD2E21FE8663D009FF7FD /* IHome */,
				5C2CD2F71FE8663E009FF7FD /* IHomeTests */,
				5C2CD3021FE8663E009FF7FD /* IHomeUITests */,
				5C2CD2E11FE8663D009FF7FD /* Products */,
				1855C526BC4A76CD23F766E6 /* Pods */,
				8E681A99F66429482880E612 /* Frameworks */,
			);
			sourceTree = "<group>";
		};
		5C2CD2E11FE8663D009FF7FD /* Products */ = {
			isa = PBXGroup;
			children = (
				5C2CD2E01FE8663D009FF7FD /* IHome.app */,
				5C2CD2F41FE8663E009FF7FD /* IHomeTests.xctest */,
				5C2CD2FF1FE8663E009FF7FD /* IHomeUITests.xctest */,
			);
			name = Products;
			sourceTree = "<group>";
		};
		5C2CD2E21FE8663D009FF7FD /* IHome */ = {
			isa = PBXGroup;
			children = (
				DC345A841FEAED56006E852B /* IHome-Bridging-Header.h */,
				5C2CD3221FE88724009FF7FD /* IHome.entitlements */,
				5C2CD3131FE8676A009FF7FD /* Controller */,
				5C2CD3121FE86760009FF7FD /* Model */,
				5C2CD3111FE86746009FF7FD /* View */,
				5C2CD2E31FE8663D009FF7FD /* AppDelegate.swift */,
				5C2CD2E71FE8663D009FF7FD /* Main.storyboard */,
				5C2CD2EA1FE8663D009FF7FD /* Assets.xcassets */,
				5C2CD2EC1FE8663D009FF7FD /* LaunchScreen.storyboard */,
				5C2CD2EF1FE8663D009FF7FD /* Info.plist */,
				5C2CD3161FE867C0009FF7FD /* Util.swift */,
			);
			path = IHome;
			sourceTree = "<group>";
		};
		5C2CD2F71FE8663E009FF7FD /* IHomeTests */ = {
			isa = PBXGroup;
			children = (
				5C2CD2F81FE8663E009FF7FD /* IHomeTests.swift */,
				5C2CD2FA1FE8663E009FF7FD /* Info.plist */,
			);
			path = IHomeTests;
			sourceTree = "<group>";
		};
		5C2CD3021FE8663E009FF7FD /* IHomeUITests */ = {
			isa = PBXGroup;
			children = (
				5C2CD3031FE8663E009FF7FD /* IHomeUITests.swift */,
				5C2CD3051FE8663E009FF7FD /* Info.plist */,
			);
			path = IHomeUITests;
			sourceTree = "<group>";
		};
		5C2CD3111FE86746009FF7FD /* View */ = {
			isa = PBXGroup;
			children = (
				5C2CD3231FE897EB009FF7FD /* CustomedCell.swift */,
				5C2CD3141FE8678C009FF7FD /* CustomedView.swift */,
				5C2CD3181FE86E09009FF7FD /* CustomedButton.swift */,
				5C2CD32F1FE8C364009FF7FD /* TvCell.swift */,
				5C2CD3311FE8C379009FF7FD /* FanCell.swift */,
				5C2CD3331FE8C388009FF7FD /* ACCell.swift */,
				5C2CD3351FE8C398009FF7FD /* DoorCell.swift */,
				5C2CD3371FE8C3AB009FF7FD /* FridgeCell.swift */,
			);
			path = View;
			sourceTree = "<group>";
		};
		5C2CD3121FE86760009FF7FD /* Model */ = {
			isa = PBXGroup;
			children = (
				5C2CD31C1FE880A3009FF7FD /* ListsManager.swift */,
			);
			path = Model;
			sourceTree = "<group>";
		};
		5C2CD3131FE8676A009FF7FD /* Controller */ = {
			isa = PBXGroup;
			children = (
				5C2CD2E51FE8663D009FF7FD /* ViewController.swift */,
				5C2CD31E1FE8817D009FF7FD /* Alert.swift */,
				5C2CD3201FE88200009FF7FD /* LightDetail.swift */,
				5C2CD31A1FE88019009FF7FD /* LightList.swift */,
				5C2CD3251FE8BF40009FF7FD /* TV.swift */,
				5C2CD3271FE8BF50009FF7FD /* Door.swift */,
				5C2CD3291FE8BF7B009FF7FD /* Fan.swift */,
				5C2CD32B1FE8BF92009FF7FD /* AC.swift */,
				5C2CD32D1FE8BFA6009FF7FD /* Frige.swift */,
			);
			path = Controller;
			sourceTree = "<group>";
		};
		8E681A99F66429482880E612 /* Frameworks */ = {
			isa = PBXGroup;
			children = (
				E8AAD12E4A874275D6314C1F /* Pods_IHome.framework */,
			);
			name = Frameworks;
			sourceTree = "<group>";
		};
/* End PBXGroup section */

/* Begin PBXNativeTarget section */
		5C2CD2DF1FE8663D009FF7FD /* IHome */ = {
			isa = PBXNativeTarget;
			buildConfigurationList = 5C2CD3081FE8663E009FF7FD /* Build configuration list for PBXNativeTarget "IHome" */;
			buildPhases = (
				33CC5434BB5A016F0112D484 /* [CP] Check Pods Manifest.lock */,
				5C2CD2DC1FE8663D009FF7FD /* Sources */,
				5C2CD2DD1FE8663D009FF7FD /* Frameworks */,
				5C2CD2DE1FE8663D009FF7FD /* Resources */,
				82665A09314FE815760B4785 /* [CP] Embed Pods Frameworks */,
				032D02B0D7831C434DD610B8 /* [CP] Copy Pods Resources */,
			);
			buildRules = (
			);
			dependencies = (
			);
			name = IHome;
			productName = IHome;
			productReference = 5C2CD2E01FE8663D009FF7FD /* IHome.app */;
			productType = "com.apple.product-type.application";
		};
		5C2CD2F31FE8663E009FF7FD /* IHomeTests */ = {
			isa = PBXNativeTarget;
			buildConfigurationList = 5C2CD30B1FE8663E009FF7FD /* Build configuration list for PBXNativeTarget "IHomeTests" */;
			buildPhases = (
				5C2CD2F01FE8663E009FF7FD /* Sources */,
				5C2CD2F11FE8663E009FF7FD /* Frameworks */,
				5C2CD2F21FE8663E009FF7FD /* Resources */,
			);
			buildRules = (
			);
			dependencies = (
				5C2CD2F61FE8663E009FF7FD /* PBXTargetDependency */,
			);
			name = IHomeTests;
			productName = IHomeTests;
			productReference = 5C2CD2F41FE8663E009FF7FD /* IHomeTests.xctest */;
			productType = "com.apple.product-type.bundle.unit-test";
		};
		5C2CD2FE1FE8663E009FF7FD /* IHomeUITests */ = {
			isa = PBXNativeTarget;
			buildConfigurationList = 5C2CD30E1FE8663E009FF7FD /* Build configuration list for PBXNativeTarget "IHomeUITests" */;
			buildPhases = (
				5C2CD2FB1FE8663E009FF7FD /* Sources */,
				5C2CD2FC1FE8663E009FF7FD /* Frameworks */,
				5C2CD2FD1FE8663E009FF7FD /* Resources */,
			);
			buildRules = (
			);
			dependencies = (
				5C2CD3011FE8663E009FF7FD /* PBXTargetDependency */,
			);
			name = IHomeUITests;
			productName = IHomeUITests;
			productReference = 5C2CD2FF1FE8663E009FF7FD /* IHomeUITests.xctest */;
			productType = "com.apple.product-type.bundle.ui-testing";
		};
/* End PBXNativeTarget section */

/* Begin PBXProject section */
		5C2CD2D81FE8663D009FF7FD /* Project object */ = {
			isa = PBXProject;
			attributes = {
				LastSwiftUpdateCheck = 0910;
				LastUpgradeCheck = 0910;
				ORGANIZATIONNAME = "Maryam Jafari";
				TargetAttributes = {
					5C2CD2DF1FE8663D009FF7FD = {
						CreatedOnToolsVersion = 9.1;
						ProvisioningStyle = Automatic;
						SystemCapabilities = {
							com.apple.ApplicationGroups.iOS = {
								enabled = 1;
							};
						};
					};
					5C2CD2F31FE8663E009FF7FD = {
						CreatedOnToolsVersion = 9.1;
						ProvisioningStyle = Automatic;
						TestTargetID = 5C2CD2DF1FE8663D009FF7FD;
					};
					5C2CD2FE1FE8663E009FF7FD = {
						CreatedOnToolsVersion = 9.1;
						ProvisioningStyle = Automatic;
						TestTargetID = 5C2CD2DF1FE8663D009FF7FD;
					};
				};
			};
			buildConfigurationList = 5C2CD2DB1FE8663D009FF7FD /* Build configuration list for PBXProject "IHome" */;
			compatibilityVersion = "Xcode 8.0";
			developmentRegion = en;
			hasScannedForEncodings = 0;
			knownRegions = (
				en,
				Base,
			);
			mainGroup = 5C2CD2D71FE8663D009FF7FD;
			productRefGroup = 5C2CD2E11FE8663D009FF7FD /* Products */;
			projectDirPath = "";
			projectRoot = "";
			targets = (
				5C2CD2DF1FE8663D009FF7FD /* IHome */,
				5C2CD2F31FE8663E009FF7FD /* IHomeTests */,
				5C2CD2FE1FE8663E009FF7FD /* IHomeUITests */,
			);
		};
/* End PBXProject section */

/* Begin PBXResourcesBuildPhase section */
		5C2CD2DE1FE8663D009FF7FD /* Resources */ = {
			isa = PBXResourcesBuildPhase;
			buildActionMask = 2147483647;
			files = (
				5C2CD2EE1FE8663D009FF7FD /* LaunchScreen.storyboard in Resources */,
				5C2CD2EB1FE8663D009FF7FD /* Assets.xcassets in Resources */,
				5C2CD2E91FE8663D009FF7FD /* Main.storyboard in Resources */,
			);
			runOnlyForDeploymentPostprocessing = 0;
		};
		5C2CD2F21FE8663E009FF7FD /* Resources */ = {
			isa = PBXResourcesBuildPhase;
			buildActionMask = 2147483647;
			files = (
			);
			runOnlyForDeploymentPostprocessing = 0;
		};
		5C2CD2FD1FE8663E009FF7FD /* Resources */ = {
			isa = PBXResourcesBuildPhase;
			buildActionMask = 2147483647;
			files = (
			);
			runOnlyForDeploymentPostprocessing = 0;
		};
/* End PBXResourcesBuildPhase section */

/* Begin PBXShellScriptBuildPhase section */
		032D02B0D7831C434DD610B8 /* [CP] Copy Pods Resources */ = {
			isa = PBXShellScriptBuildPhase;
			buildActionMask = 2147483647;
			files = (
			);
			inputPaths = (
			);
			name = "[CP] Copy Pods Resources";
			outputPaths = (
			);
			runOnlyForDeploymentPostprocessing = 0;
			shellPath = /bin/sh;
			shellScript = "\"${SRCROOT}/Pods/Target Support Files/Pods-IHome/Pods-IHome-resources.sh\"\n";
			showEnvVarsInLog = 0;
		};
		33CC5434BB5A016F0112D484 /* [CP] Check Pods Manifest.lock */ = {
			isa = PBXShellScriptBuildPhase;
			buildActionMask = 2147483647;
			files = (
			);
			inputPaths = (
				"${PODS_PODFILE_DIR_PATH}/Podfile.lock",
				"${PODS_ROOT}/Manifest.lock",
			);
			name = "[CP] Check Pods Manifest.lock";
			outputPaths = (
				"$(DERIVED_FILE_DIR)/Pods-IHome-checkManifestLockResult.txt",
			);
			runOnlyForDeploymentPostprocessing = 0;
			shellPath = /bin/sh;
			shellScript = "diff \"${PODS_PODFILE_DIR_PATH}/Podfile.lock\" \"${PODS_ROOT}/Manifest.lock\" > /dev/null\nif [ $? != 0 ] ; then\n    # print error to STDERR\n    echo \"error: The sandbox is not in sync with the Podfile.lock. Run 'pod install' or update your CocoaPods installation.\" >&2\n    exit 1\nfi\n# This output is used by Xcode 'outputs' to avoid re-running this script phase.\necho \"SUCCESS\" > \"${SCRIPT_OUTPUT_FILE_0}\"\n";
			showEnvVarsInLog = 0;
		};
		82665A09314FE815760B4785 /* [CP] Embed Pods Frameworks */ = {
			isa = PBXShellScriptBuildPhase;
			buildActionMask = 2147483647;
			files = (
			);
			inputPaths = (
				"${SRCROOT}/Pods/Target Support Files/Pods-IHome/Pods-IHome-frameworks.sh",
				"${BUILT_PRODUCTS_DIR}/PubNub/PubNub.framework",
			);
			name = "[CP] Embed Pods Frameworks";
			outputPaths = (
				"${TARGET_BUILD_DIR}/${FRAMEWORKS_FOLDER_PATH}/PubNub.framework",
			);
			runOnlyForDeploymentPostprocessing = 0;
			shellPath = /bin/sh;
			shellScript = "\"${SRCROOT}/Pods/Target Support Files/Pods-IHome/Pods-IHome-frameworks.sh\"\n";
			showEnvVarsInLog = 0;
		};
/* End PBXShellScriptBuildPhase section */

/* Begin PBXSourcesBuildPhase section */
		5C2CD2DC1FE8663D009FF7FD /* Sources */ = {
			isa = PBXSourcesBuildPhase;
			buildActionMask = 2147483647;
			files = (
				5C2CD2E61FE8663D009FF7FD /* ViewController.swift in Sources */,
				5C2CD3301FE8C364009FF7FD /* TvCell.swift in Sources */,
				5C2CD3321FE8C379009FF7FD /* FanCell.swift in Sources */,
				5C2CD3281FE8BF50009FF7FD /* Door.swift in Sources */,
				5C2CD3241FE897EB009FF7FD /* CustomedCell.swift in Sources */,
				5C2CD3341FE8C388009FF7FD /* ACCell.swift in Sources */,
				5C2CD32E1FE8BFA6009FF7FD /* Frige.swift in Sources */,
				5C2CD3191FE86E09009FF7FD /* CustomedButton.swift in Sources */,
				5C2CD3361FE8C398009FF7FD /* DoorCell.swift in Sources */,
				5C2CD32A1FE8BF7B009FF7FD /* Fan.swift in Sources */,
				5C2CD3151FE8678C009FF7FD /* CustomedView.swift in Sources */,
				5C2CD3261FE8BF40009FF7FD /* TV.swift in Sources */,
				5C2CD2E41FE8663D009FF7FD /* AppDelegate.swift in Sources */,
				5C2CD31D1FE880A3009FF7FD /* ListsManager.swift in Sources */,
				5C2CD31B1FE88019009FF7FD /* LightList.swift in Sources */,
				5C2CD31F1FE8817D009FF7FD /* Alert.swift in Sources */,
				5C2CD3381FE8C3AB009FF7FD /* FridgeCell.swift in Sources */,
				5C2CD3171FE867C0009FF7FD /* Util.swift in Sources */,
				5C2CD3211FE88200009FF7FD /* LightDetail.swift in Sources */,
				5C2CD32C1FE8BF92009FF7FD /* AC.swift in Sources */,
			);
			runOnlyForDeploymentPostprocessing = 0;
		};
		5C2CD2F01FE8663E009FF7FD /* Sources */ = {
			isa = PBXSourcesBuildPhase;
			buildActionMask = 2147483647;
			files = (
				5C2CD2F91FE8663E009FF7FD /* IHomeTests.swift in Sources */,
			);
			runOnlyForDeploymentPostprocessing = 0;
		};
		5C2CD2FB1FE8663E009FF7FD /* Sources */ = {
			isa = PBXSourcesBuildPhase;
			buildActionMask = 2147483647;
			files = (
				5C2CD3041FE8663E009FF7FD /* IHomeUITests.swift in Sources */,
			);
			runOnlyForDeploymentPostprocessing = 0;
		};
/* End PBXSourcesBuildPhase section */

/* Begin PBXTargetDependency section */
		5C2CD2F61FE8663E009FF7FD /* PBXTargetDependency */ = {
			isa = PBXTargetDependency;
			target = 5C2CD2DF1FE8663D009FF7FD /* IHome */;
			targetProxy = 5C2CD2F51FE8663E009FF7FD /* PBXContainerItemProxy */;
		};
		5C2CD3011FE8663E009FF7FD /* PBXTargetDependency */ = {
			isa = PBXTargetDependency;
			target = 5C2CD2DF1FE8663D009FF7FD /* IHome */;
			targetProxy = 5C2CD3001FE8663E009FF7FD /* PBXContainerItemProxy */;
		};
/* End PBXTargetDependency section */

/* Begin PBXVariantGroup section */
		5C2CD2E71FE8663D009FF7FD /* Main.storyboard */ = {
			isa = PBXVariantGroup;
			children = (
				5C2CD2E81FE8663D009FF7FD /* Base */,
			);
			name = Main.storyboard;
			sourceTree = "<group>";
		};
		5C2CD2EC1FE8663D009FF7FD /* LaunchScreen.storyboard */ = {
			isa = PBXVariantGroup;
			children = (
				5C2CD2ED1FE8663D009FF7FD /* Base */,
			);
			name = LaunchScreen.storyboard;
			sourceTree = "<group>";
		};
/* End PBXVariantGroup section */

/* Begin XCBuildConfiguration section */
		5C2CD3061FE8663E009FF7FD /* Debug */ = {
			isa = XCBuildConfiguration;
			buildSettings = {
				ALWAYS_SEARCH_USER_PATHS = NO;
				CLANG_ANALYZER_NONNULL = YES;
				CLANG_ANALYZER_NUMBER_OBJECT_CONVERSION = YES_AGGRESSIVE;
				CLANG_CXX_LANGUAGE_STANDARD = "gnu++14";
				CLANG_CXX_LIBRARY = "libc++";
				CLANG_ENABLE_MODULES = YES;
				CLANG_ENABLE_OBJC_ARC = YES;
				CLANG_WARN_BLOCK_CAPTURE_AUTORELEASING = YES;
				CLANG_WARN_BOOL_CONVERSION = YES;
				CLANG_WARN_COMMA = YES;
				CLANG_WARN_CONSTANT_CONVERSION = YES;
				CLANG_WARN_DIRECT_OBJC_ISA_USAGE = YES_ERROR;
				CLANG_WARN_DOCUMENTATION_COMMENTS = YES;
				CLANG_WARN_EMPTY_BODY = YES;
				CLANG_WARN_ENUM_CONVERSION = YES;
				CLANG_WARN_INFINITE_RECURSION = YES;
				CLANG_WARN_INT_CONVERSION = YES;
				CLANG_WARN_NON_LITERAL_NULL_CONVERSION = YES;
				CLANG_WARN_OBJC_LITERAL_CONVERSION = YES;
				CLANG_WARN_OBJC_ROOT_CLASS = YES_ERROR;
				CLANG_WARN_RANGE_LOOP_ANALYSIS = YES;
				CLANG_WARN_STRICT_PROTOTYPES = YES;
				CLANG_WARN_SUSPICIOUS_MOVE = YES;
				CLANG_WARN_UNGUARDED_AVAILABILITY = YES_AGGRESSIVE;
				CLANG_WARN_UNREACHABLE_CODE = YES;
				CLANG_WARN__DUPLICATE_METHOD_MATCH = YES;
				CODE_SIGN_IDENTITY = "iPhone Developer";
				COPY_PHASE_STRIP = NO;
				DEBUG_INFORMATION_FORMAT = dwarf;
				ENABLE_STRICT_OBJC_MSGSEND = YES;
				ENABLE_TESTABILITY = YES;
				GCC_C_LANGUAGE_STANDARD = gnu11;
				GCC_DYNAMIC_NO_PIC = NO;
				GCC_NO_COMMON_BLOCKS = YES;
				GCC_OPTIMIZATION_LEVEL = 0;
				GCC_PREPROCESSOR_DEFINITIONS = (
					"DEBUG=1",
					"$(inherited)",
				);
				GCC_WARN_64_TO_32_BIT_CONVERSION = YES;
				GCC_WARN_ABOUT_RETURN_TYPE = YES_ERROR;
				GCC_WARN_UNDECLARED_SELECTOR = YES;
				GCC_WARN_UNINITIALIZED_AUTOS = YES_AGGRESSIVE;
				GCC_WARN_UNUSED_FUNCTION = YES;
				GCC_WARN_UNUSED_VARIABLE = YES;
				IPHONEOS_DEPLOYMENT_TARGET = 11.1;
				MTL_ENABLE_DEBUG_INFO = YES;
				ONLY_ACTIVE_ARCH = YES;
				SDKROOT = iphoneos;
				SWIFT_ACTIVE_COMPILATION_CONDITIONS = DEBUG;
				SWIFT_OPTIMIZATION_LEVEL = "-Onone";
			};
			name = Debug;
		};
		5C2CD3071FE8663E009FF7FD /* Release */ = {
			isa = XCBuildConfiguration;
			buildSettings = {
				ALWAYS_SEARCH_USER_PATHS = NO;
				CLANG_ANALYZER_NONNULL = YES;
				CLANG_ANALYZER_NUMBER_OBJECT_CONVERSION = YES_AGGRESSIVE;
				CLANG_CXX_LANGUAGE_STANDARD = "gnu++14";
				CLANG_CXX_LIBRARY = "libc++";
				CLANG_ENABLE_MODULES = YES;
				CLANG_ENABLE_OBJC_ARC = YES;
				CLANG_WARN_BLOCK_CAPTURE_AUTORELEASING = YES;
				CLANG_WARN_BOOL_CONVERSION = YES;
				CLANG_WARN_COMMA = YES;
				CLANG_WARN_CONSTANT_CONVERSION = YES;
				CLANG_WARN_DIRECT_OBJC_ISA_USAGE = YES_ERROR;
				CLANG_WARN_DOCUMENTATION_COMMENTS = YES;
				CLANG_WARN_EMPTY_BODY = YES;
				CLANG_WARN_ENUM_CONVERSION = YES;
				CLANG_WARN_INFINITE_RECURSION = YES;
				CLANG_WARN_INT_CONVERSION = YES;
				CLANG_WARN_NON_LITERAL_NULL_CONVERSION = YES;
				CLANG_WARN_OBJC_LITERAL_CONVERSION = YES;
				CLANG_WARN_OBJC_ROOT_CLASS = YES_ERROR;
				CLANG_WARN_RANGE_LOOP_ANALYSIS = YES;
				CLANG_WARN_STRICT_PROTOTYPES = YES;
				CLANG_WARN_SUSPICIOUS_MOVE = YES;
				CLANG_WARN_UNGUARDED_AVAILABILITY = YES_AGGRESSIVE;
				CLANG_WARN_UNREACHABLE_CODE = YES;
				CLANG_WARN__DUPLICATE_METHOD_MATCH = YES;
				CODE_SIGN_IDENTITY = "iPhone Developer";
				COPY_PHASE_STRIP = NO;
				DEBUG_INFORMATION_FORMAT = "dwarf-with-dsym";
				ENABLE_NS_ASSERTIONS = NO;
				ENABLE_STRICT_OBJC_MSGSEND = YES;
				GCC_C_LANGUAGE_STANDARD = gnu11;
				GCC_NO_COMMON_BLOCKS = YES;
				GCC_WARN_64_TO_32_BIT_CONVERSION = YES;
				GCC_WARN_ABOUT_RETURN_TYPE = YES_ERROR;
				GCC_WARN_UNDECLARED_SELECTOR = YES;
				GCC_WARN_UNINITIALIZED_AUTOS = YES_AGGRESSIVE;
				GCC_WARN_UNUSED_FUNCTION = YES;
				GCC_WARN_UNUSED_VARIABLE = YES;
				IPHONEOS_DEPLOYMENT_TARGET = 11.1;
				MTL_ENABLE_DEBUG_INFO = NO;
				SDKROOT = iphoneos;
				SWIFT_OPTIMIZATION_LEVEL = "-Owholemodule";
				VALIDATE_PRODUCT = YES;
			};
			name = Release;
		};
		5C2CD3091FE8663E009FF7FD /* Debug */ = {
			isa = XCBuildConfiguration;
			baseConfigurationReference = BA5EE63A88D9FD0D671FFBEA /* Pods-IHome.debug.xcconfig */;
			buildSettings = {
				ASSETCATALOG_COMPILER_APPICON_NAME = AppIcon;
				CODE_SIGN_ENTITLEMENTS = IHome/IHome.entitlements;
				CODE_SIGN_STYLE = Automatic;
				DEVELOPMENT_TEAM = UF5CTWS5JD;
				INFOPLIST_FILE = IHome/Info.plist;
				LD_RUNPATH_SEARCH_PATHS = "$(inherited) @executable_path/Frameworks";
				PRODUCT_BUNDLE_IDENTIFIER = Maryam.IHome;
				PRODUCT_NAME = "$(TARGET_NAME)";
				SWIFT_VERSION = 4.0;
				TARGETED_DEVICE_FAMILY = "1,2";
			};
			name = Debug;
		};
		5C2CD30A1FE8663E009FF7FD /* Release */ = {
			isa = XCBuildConfiguration;
			baseConfigurationReference = 45C77FA8AD4F55D1668E5B82 /* Pods-IHome.release.xcconfig */;
			buildSettings = {
				ASSETCATALOG_COMPILER_APPICON_NAME = AppIcon;
				CODE_SIGN_ENTITLEMENTS = IHome/IHome.entitlements;
				CODE_SIGN_STYLE = Automatic;
				DEVELOPMENT_TEAM = UF5CTWS5JD;
				INFOPLIST_FILE = IHome/Info.plist;
				LD_RUNPATH_SEARCH_PATHS = "$(inherited) @executable_path/Frameworks";
				PRODUCT_BUNDLE_IDENTIFIER = Maryam.IHome;
				PRODUCT_NAME = "$(TARGET_NAME)";
				SWIFT_VERSION = 4.0;
				TARGETED_DEVICE_FAMILY = "1,2";
			};
			name = Release;
		};
		5C2CD30C1FE8663E009FF7FD /* Debug */ = {
			isa = XCBuildConfiguration;
			buildSettings = {
				ALWAYS_EMBED_SWIFT_STANDARD_LIBRARIES = YES;
				BUNDLE_LOADER = "$(TEST_HOST)";
				CODE_SIGN_STYLE = Automatic;
				DEVELOPMENT_TEAM = UF5CTWS5JD;
				INFOPLIST_FILE = IHomeTests/Info.plist;
				LD_RUNPATH_SEARCH_PATHS = "$(inherited) @executable_path/Frameworks @loader_path/Frameworks";
				PRODUCT_BUNDLE_IDENTIFIER = Maryam.IHomeTests;
				PRODUCT_NAME = "$(TARGET_NAME)";
				SWIFT_VERSION = 4.0;
				TARGETED_DEVICE_FAMILY = "1,2";
				TEST_HOST = "$(BUILT_PRODUCTS_DIR)/IHome.app/IHome";
			};
			name = Debug;
		};
		5C2CD30D1FE8663E009FF7FD /* Release */ = {
			isa = XCBuildConfiguration;
			buildSettings = {
				ALWAYS_EMBED_SWIFT_STANDARD_LIBRARIES = YES;
				BUNDLE_LOADER = "$(TEST_HOST)";
				CODE_SIGN_STYLE = Automatic;
				DEVELOPMENT_TEAM = UF5CTWS5JD;
				INFOPLIST_FILE = IHomeTests/Info.plist;
				LD_RUNPATH_SEARCH_PATHS = "$(inherited) @executable_path/Frameworks @loader_path/Frameworks";
				PRODUCT_BUNDLE_IDENTIFIER = Maryam.IHomeTests;
				PRODUCT_NAME = "$(TARGET_NAME)";
				SWIFT_VERSION = 4.0;
				TARGETED_DEVICE_FAMILY = "1,2";
				TEST_HOST = "$(BUILT_PRODUCTS_DIR)/IHome.app/IHome";
			};
			name = Release;
		};
		5C2CD30F1FE8663E009FF7FD /* Debug */ = {
			isa = XCBuildConfiguration;
			buildSettings = {
				ALWAYS_EMBED_SWIFT_STANDARD_LIBRARIES = YES;
				CODE_SIGN_STYLE = Automatic;
				DEVELOPMENT_TEAM = UF5CTWS5JD;
				INFOPLIST_FILE = IHomeUITests/Info.plist;
				LD_RUNPATH_SEARCH_PATHS = "$(inherited) @executable_path/Frameworks @loader_path/Frameworks";
				PRODUCT_BUNDLE_IDENTIFIER = Maryam.IHomeUITests;
				PRODUCT_NAME = "$(TARGET_NAME)";
				SWIFT_VERSION = 4.0;
				TARGETED_DEVICE_FAMILY = "1,2";
				TEST_TARGET_NAME = IHome;
			};
			name = Debug;
		};
		5C2CD3101FE8663E009FF7FD /* Release */ = {
			isa = XCBuildConfiguration;
			buildSettings = {
				ALWAYS_EMBED_SWIFT_STANDARD_LIBRARIES = YES;
				CODE_SIGN_STYLE = Automatic;
				DEVELOPMENT_TEAM = UF5CTWS5JD;
				INFOPLIST_FILE = IHomeUITests/Info.plist;
				LD_RUNPATH_SEARCH_PATHS = "$(inherited) @executable_path/Frameworks @loader_path/Frameworks";
				PRODUCT_BUNDLE_IDENTIFIER = Maryam.IHomeUITests;
				PRODUCT_NAME = "$(TARGET_NAME)";
				SWIFT_VERSION = 4.0;
				TARGETED_DEVICE_FAMILY = "1,2";
				TEST_TARGET_NAME = IHome;
			};
			name = Release;
		};
/* End XCBuildConfiguration section */

/* Begin XCConfigurationList section */
		5C2CD2DB1FE8663D009FF7FD /* Build configuration list for PBXProject "IHome" */ = {
			isa = XCConfigurationList;
			buildConfigurations = (
				5C2CD3061FE8663E009FF7FD /* Debug */,
				5C2CD3071FE8663E009FF7FD /* Release */,
			);
			defaultConfigurationIsVisible = 0;
			defaultConfigurationName = Release;
		};
		5C2CD3081FE8663E009FF7FD /* Build configuration list for PBXNativeTarget "IHome" */ = {
			isa = XCConfigurationList;
			buildConfigurations = (
				5C2CD3091FE8663E009FF7FD /* Debug */,
				5C2CD30A1FE8663E009FF7FD /* Release */,
			);
			defaultConfigurationIsVisible = 0;
			defaultConfigurationName = Release;
		};
		5C2CD30B1FE8663E009FF7FD /* Build configuration list for PBXNativeTarget "IHomeTests" */ = {
			isa = XCConfigurationList;
			buildConfigurations = (
				5C2CD30C1FE8663E009FF7FD /* Debug */,
				5C2CD30D1FE8663E009FF7FD /* Release */,
			);
			defaultConfigurationIsVisible = 0;
			defaultConfigurationName = Release;
		};
		5C2CD30E1FE8663E009FF7FD /* Build configuration list for PBXNativeTarget "IHomeUITests" */ = {
			isa = XCConfigurationList;
			buildConfigurations = (
				5C2CD30F1FE8663E009FF7FD /* Debug */,
				5C2CD3101FE8663E009FF7FD /* Release */,
			);
			defaultConfigurationIsVisible = 0;
			defaultConfigurationName = Release;
		};
/* End XCConfigurationList section */
	};
	rootObject = 5C2CD2D81FE8663D009FF7FD /* Project object */;
}
